
Microsoft Visual Studio Solution File, Format Version 12.00
# Visual Studio Version 17
VisualStudioVersion = 17.9.34616.47
MinimumVisualStudioVersion = 10.0.40219.1
Project("{FAE04EC0-301F-11D3-BF4B-00C04F79EFBC}") = "scancrops_FA", "scancrops_FA\scancrops_FA.csproj", "{D989178F-1310-4F7B-A3D1-EB34C0EABBF6}"
EndProject
Global
	GlobalSection(SolutionConfigurationPlatforms) = preSolution
		Debug|Any CPU = Debug|Any CPU
		Release|Any CPU = Release|Any CPU
	EndGlobalSection
	GlobalSection(ProjectConfigurationPlatforms) = postSolution
		{D989178F-1310-4F7B-A3D1-EB34C0EABBF6}.Debug|Any CPU.ActiveCfg = Debug|Any CPU
		{D989178F-1310-4F7B-A3D1-EB34C0EABBF6}.Debug|Any CPU.Build.0 = Debug|Any CPU
		{D989178F-1310-4F7B-A3D1-EB34C0EABBF6}.Release|Any CPU.ActiveCfg = Release|Any CPU
		{D989178F-1310-4F7B-A3D1-EB34C0EABBF6}.Release|Any CPU.Build.0 = Release|Any CPU
	EndGlobalSection
	GlobalSection(SolutionProperties) = preSolution
		HideSolutionNode = FALSE
	EndGlobalSection
	GlobalSection(ExtensibilityGlobals) = postSolution
		SolutionGuid = {1DF4E83D-A740-452A-81F8-0FA55DEA629B}
	EndGlobalSection
EndGlobal
